
Microsoft Visual Studio Solution File, Format Version 12.00
# Visual Studio Version 16
VisualStudioVersion = 16.0.29411.108
MinimumVisualStudioVersion = 10.0.40219.1
Project("{9A19103F-16F7-4668-BE54-9A1E7A4F7556}") = "Ma.Web", "Ma.Web\Ma.Web.csproj", "{35DB62F0-74BF-4E95-8291-9D210CF6AC95}"
EndProject
Global
	GlobalSection(SolutionConfigurationPlatforms) = preSolution
		Debug|Any CPU = Debug|Any CPU
		Release|Any CPU = Release|Any CPU
	EndGlobalSection
	GlobalSection(ProjectConfigurationPlatforms) = postSolution
		{35DB62F0-74BF-4E95-8291-9D210CF6AC95}.Debug|Any CPU.ActiveCfg = Debug|Any CPU
		{35DB62F0-74BF-4E95-8291-9D210CF6AC95}.Debug|Any CPU.Build.0 = Debug|Any CPU
		{35DB62F0-74BF-4E95-8291-9D210CF6AC95}.Release|Any CPU.ActiveCfg = Release|Any CPU
		{35DB62F0-74BF-4E95-8291-9D210CF6AC95}.Release|Any CPU.Build.0 = Release|Any CPU
	EndGlobalSection
	GlobalSection(SolutionProperties) = preSolution
		HideSolutionNode = FALSE
	EndGlobalSection
	GlobalSection(ExtensibilityGlobals) = postSolution
		SolutionGuid = {C332BE90-3318-452D-BA93-84D76053C6DC}
	EndGlobalSection
EndGlobal
